
Microsoft Visual Studio Solution File, Format Version 12.00
# Visual Studio Version 17
VisualStudioVersion = 17.3.32825.248
MinimumVisualStudioVersion = 10.0.40219.1
Project("{FAE04EC0-301F-11D3-BF4B-00C04F79EFBC}") = "WpfApp1", "WpfApp1.csproj", "{A74B7361-9401-4388-BFBD-BFBB10233FC1}"
EndProject
Global
	GlobalSection(SolutionConfigurationPlatforms) = preSolution
		Debug|Any CPU = Debug|Any CPU
		Release|Any CPU = Release|Any CPU
	EndGlobalSection
	GlobalSection(ProjectConfigurationPlatforms) = postSolution
		{A74B7361-9401-4388-BFBD-BFBB10233FC1}.Debug|Any CPU.ActiveCfg = Debug|Any CPU
		{A74B7361-9401-4388-BFBD-BFBB10233FC1}.Debug|Any CPU.Build.0 = Debug|Any CPU
		{A74B7361-9401-4388-BFBD-BFBB10233FC1}.Release|Any CPU.ActiveCfg = Release|Any CPU
		{A74B7361-9401-4388-BFBD-BFBB10233FC1}.Release|Any CPU.Build.0 = Release|Any CPU
	EndGlobalSection
	GlobalSection(SolutionProperties) = preSolution
		HideSolutionNode = FALSE
	EndGlobalSection
	GlobalSection(ExtensibilityGlobals) = postSolution
		SolutionGuid = {10F26C6A-ACF7-4F6D-ADA1-D9A4E4670E43}
	EndGlobalSection
EndGlobal
